// !$*UTF8*$!
{
	archiveVersion = 1;
	classes = {
	};
	objectVersion = 46;
	objects = {

/* Begin PBXBuildFile section */
		66114B171408838700D91AC9 /* MainViewController.m in Sources */ = {isa = PBXBuildFile; fileRef = 66114B161408838700D91AC9 /* MainViewController.m */; };
		6618DA7913D1D01400DDF41B /* UIKit.framework in Frameworks */ = {isa = PBXBuildFile; fileRef = 6618DA7813D1D01400DDF41B /* UIKit.framework */; };
		6618DA7B13D1D01400DDF41B /* Foundation.framework in Frameworks */ = {isa = PBXBuildFile; fileRef = 6618DA7A13D1D01400DDF41B /* Foundation.framework */; };
		6618DA7D13D1D01400DDF41B /* CoreGraphics.framework in Frameworks */ = {isa = PBXBuildFile; fileRef = 6618DA7C13D1D01400DDF41B /* CoreGraphics.framework */; };
		6618DA8313D1D01400DDF41B /* InfoPlist.strings in Resources */ = {isa = PBXBuildFile; fileRef = 6618DA8113D1D01400DDF41B /* InfoPlist.strings */; };
		6618DA8613D1D01400DDF41B /* main.m in Sources */ = {isa = PBXBuildFile; fileRef = 6618DA8513D1D01400DDF41B /* main.m */; };
		6618DA8913D1D01400DDF41B /* KismetClientAppDelegate.m in Sources */ = {isa = PBXBuildFile; fileRef = 6618DA8813D1D01400DDF41B /* KismetClientAppDelegate.m */; };
		6618DA8C13D1D01400DDF41B /* MainWindow.xib in Resources */ = {isa = PBXBuildFile; fileRef = 6618DA8A13D1D01400DDF41B /* MainWindow.xib */; };
		662216C814437C0F0024026A /* IgnoreAP.m in Sources */ = {isa = PBXBuildFile; fileRef = 662216C714437C0F0024026A /* IgnoreAP.m */; };
		662216CC1443A2D10024026A /* AccessPoint.m in Sources */ = {isa = PBXBuildFile; fileRef = 662216CB1443A2D10024026A /* AccessPoint.m */; };
		662216CF1443A2D20024026A /* GPSTrack.m in Sources */ = {isa = PBXBuildFile; fileRef = 662216CE1443A2D20024026A /* GPSTrack.m */; };
		662216D21443A2D30024026A /* KismetServer.m in Sources */ = {isa = PBXBuildFile; fileRef = 662216D11443A2D30024026A /* KismetServer.m */; };
		6622171F144B65180024026A /* CoreLocation.framework in Frameworks */ = {isa = PBXBuildFile; fileRef = 6622171E144B65180024026A /* CoreLocation.framework */; };
		66221722144BCA7B0024026A /* APType.m in Sources */ = {isa = PBXBuildFile; fileRef = 66221721144BCA7B0024026A /* APType.m */; };
		66221728144BD1180024026A /* APWep.m in Sources */ = {isa = PBXBuildFile; fileRef = 66221727144BD1180024026A /* APWep.m */; };
		6622B877140B240D003D8CD9 /* ManageServerListViewController.m in Sources */ = {isa = PBXBuildFile; fileRef = 6622B876140B240D003D8CD9 /* ManageServerListViewController.m */; };
		6635EBFF1409887300FF0AD5 /* SecondLevelViewController.m in Sources */ = {isa = PBXBuildFile; fileRef = 6635EBFD1409887300FF0AD5 /* SecondLevelViewController.m */; };
		6635EC0414098AA000FF0AD5 /* ServerViewController.m in Sources */ = {isa = PBXBuildFile; fileRef = 6635EC0314098AA000FF0AD5 /* ServerViewController.m */; };
		665809D2140AAE0C00DA3540 /* CoreData.framework in Frameworks */ = {isa = PBXBuildFile; fileRef = 665809D1140AAE0C00DA3540 /* CoreData.framework */; };
		665809DA140AC35200DA3540 /* KismetServer.xcdatamodeld in Sources */ = {isa = PBXBuildFile; fileRef = 665809D8140AC35200DA3540 /* KismetServer.xcdatamodeld */; };
		665B009514D5D4DD002DBDA1 /* pin-green.png in Resources */ = {isa = PBXBuildFile; fileRef = 665B009114D5D4DD002DBDA1 /* pin-green.png */; };
		665B009614D5D4DD002DBDA1 /* pin-green@2x.png in Resources */ = {isa = PBXBuildFile; fileRef = 665B009214D5D4DD002DBDA1 /* pin-green@2x.png */; };
		665B009714D5D4DD002DBDA1 /* pin-red.png in Resources */ = {isa = PBXBuildFile; fileRef = 665B009314D5D4DD002DBDA1 /* pin-red.png */; };
		665B009814D5D4DD002DBDA1 /* pin-red@2x.png in Resources */ = {isa = PBXBuildFile; fileRef = 665B009414D5D4DD002DBDA1 /* pin-red@2x.png */; };
		6665982A1401A03E002F0083 /* MainWindow-iPad.xib in Resources */ = {isa = PBXBuildFile; fileRef = 666598281401A03E002F0083 /* MainWindow-iPad.xib */; };
		66949F9814D1E30D00C3636F /* cluster.png in Resources */ = {isa = PBXBuildFile; fileRef = 66949F7414D1E30D00C3636F /* cluster.png */; };
		66949F9914D1E30D00C3636F /* cluster@2x.png in Resources */ = {isa = PBXBuildFile; fileRef = 66949F7514D1E30D00C3636F /* cluster@2x.png */; };
		66949F9A14D1E30D00C3636F /* pinpoint.png in Resources */ = {isa = PBXBuildFile; fileRef = 66949F7614D1E30D00C3636F /* pinpoint.png */; };
		66949F9B14D1E30D00C3636F /* pinpoint@2x.png in Resources */ = {isa = PBXBuildFile; fileRef = 66949F7714D1E30D00C3636F /* pinpoint@2x.png */; };
		66949F9C14D1E30D00C3636F /* Default-ipad-Landscape.png in Resources */ = {isa = PBXBuildFile; fileRef = 66949F7814D1E30D00C3636F /* Default-ipad-Landscape.png */; };
		66949F9D14D1E30D00C3636F /* Default-iphone.png in Resources */ = {isa = PBXBuildFile; fileRef = 66949F7914D1E30D00C3636F /* Default-iphone.png */; };
		66949F9E14D1E30D00C3636F /* Default@2x-iphone.png in Resources */ = {isa = PBXBuildFile; fileRef = 66949F7A14D1E30D00C3636F /* Default@2x-iphone.png */; };
		66949F9F14D1E30D00C3636F /* Icon-72.png in Resources */ = {isa = PBXBuildFile; fileRef = 66949F7B14D1E30D00C3636F /* Icon-72.png */; };
		66949FA014D1E30D00C3636F /* Icon.png in Resources */ = {isa = PBXBuildFile; fileRef = 66949F7C14D1E30D00C3636F /* Icon.png */; };
		66949FA114D1E30D00C3636F /* Icon@2x.png in Resources */ = {isa = PBXBuildFile; fileRef = 66949F7D14D1E30D00C3636F /* Icon@2x.png */; };
		66949FA314D1E30D00C3636F /* REVAnnotationsCollection.m in Sources */ = {isa = PBXBuildFile; fileRef = 66949F8214D1E30D00C3636F /* REVAnnotationsCollection.m */; };
		66949FA414D1E30D00C3636F /* REVClusterBlock.m in Sources */ = {isa = PBXBuildFile; fileRef = 66949F8414D1E30D00C3636F /* REVClusterBlock.m */; };
		66949FA514D1E30D00C3636F /* REVClusterManager.m in Sources */ = {isa = PBXBuildFile; fileRef = 66949F8614D1E30D00C3636F /* REVClusterManager.m */; };
		66949FA614D1E30D00C3636F /* REVClusterMapView.m in Sources */ = {isa = PBXBuildFile; fileRef = 66949F8914D1E30D00C3636F /* REVClusterMapView.m */; };
		66949FA714D1E30D00C3636F /* REVClusterPin.m in Sources */ = {isa = PBXBuildFile; fileRef = 66949F8B14D1E30D00C3636F /* REVClusterPin.m */; };
		66949FA814D1E30D00C3636F /* REVClusterMap-Info.plist in Resources */ = {isa = PBXBuildFile; fileRef = 66949F8C14D1E30D00C3636F /* REVClusterMap-Info.plist */; };
		66949FAD14D2031E00C3636F /* REVClusterAnnotationView.m in Sources */ = {isa = PBXBuildFile; fileRef = 66949FAC14D2031E00C3636F /* REVClusterAnnotationView.m */; };
		669DAE2C141D96D300090782 /* WAPDetailView.m in Sources */ = {isa = PBXBuildFile; fileRef = 669DAE2A141D96D300090782 /* WAPDetailView.m */; };
		669DAE2D141D96D300090782 /* WAPDetailView.xib in Resources */ = {isa = PBXBuildFile; fileRef = 669DAE2B141D96D300090782 /* WAPDetailView.xib */; };
		669DAE69141DA48E00090782 /* MapKit.framework in Frameworks */ = {isa = PBXBuildFile; fileRef = 669DAE68141DA48E00090782 /* MapKit.framework */; };
		669DAE72141DA85B00090782 /* SystemConfiguration.framework in Frameworks */ = {isa = PBXBuildFile; fileRef = 669DAE71141DA85B00090782 /* SystemConfiguration.framework */; };
		66ACAA0E1412724A00526B5E /* WAPListViewController.m in Sources */ = {isa = PBXBuildFile; fileRef = 66ACAA0D1412724A00526B5E /* WAPListViewController.m */; };
		66ACAA171412B06700526B5E /* Connect.m in Sources */ = {isa = PBXBuildFile; fileRef = 66ACAA161412B06700526B5E /* Connect.m */; };
		66ACAA26141407D700526B5E /* KismetNetwork.m in Sources */ = {isa = PBXBuildFile; fileRef = 66ACAA25141407D700526B5E /* KismetNetwork.m */; };
		66B0104413FF4FC20009B436 /* AsyncSocket.m in Sources */ = {isa = PBXBuildFile; fileRef = 66B0104313FF4FC20009B436 /* AsyncSocket.m */; };
		66B0104B13FF58DF0009B436 /* CFNetwork.framework in Frameworks */ = {isa = PBXBuildFile; fileRef = 66B0104A13FF58DF0009B436 /* CFNetwork.framework */; };
		66B2976A1453A2E200DAF04D /* MapViewController.m in Sources */ = {isa = PBXBuildFile; fileRef = 66B297691453A2E200DAF04D /* MapViewController.m */; };
/* End PBXBuildFile section */

/* Begin PBXFileReference section */
		66114B151408838700D91AC9 /* MainViewController.h */ = {isa = PBXFileReference; fileEncoding = 4; lastKnownFileType = sourcecode.c.h; path = MainViewController.h; sourceTree = "<group>"; };
		66114B161408838700D91AC9 /* MainViewController.m */ = {isa = PBXFileReference; fileEncoding = 4; lastKnownFileType = sourcecode.c.objc; path = MainViewController.m; sourceTree = "<group>"; };
		6618DA7413D1D01400DDF41B /* KismetClient.app */ = {isa = PBXFileReference; explicitFileType = wrapper.application; includeInIndex = 0; path = KismetClient.app; sourceTree = BUILT_PRODUCTS_DIR; };
		6618DA7813D1D01400DDF41B /* UIKit.framework */ = {isa = PBXFileReference; lastKnownFileType = wrapper.framework; name = UIKit.framework; path = System/Library/Frameworks/UIKit.framework; sourceTree = SDKROOT; };
		6618DA7A13D1D01400DDF41B /* Foundation.framework */ = {isa = PBXFileReference; lastKnownFileType = wrapper.framework; name = Foundation.framework; path = System/Library/Frameworks/Foundation.framework; sourceTree = SDKROOT; };
		6618DA7C13D1D01400DDF41B /* CoreGraphics.framework */ = {isa = PBXFileReference; lastKnownFileType = wrapper.framework; name = CoreGraphics.framework; path = System/Library/Frameworks/CoreGraphics.framework; sourceTree = SDKROOT; };
		6618DA8013D1D01400DDF41B /* KismetClient-Info.plist */ = {isa = PBXFileReference; lastKnownFileType = text.plist.xml; path = "KismetClient-Info.plist"; sourceTree = "<group>"; };
		6618DA8213D1D01400DDF41B /* en */ = {isa = PBXFileReference; lastKnownFileType = text.plist.strings; name = en; path = en.lproj/InfoPlist.strings; sourceTree = "<group>"; };
		6618DA8413D1D01400DDF41B /* KismetClient-Prefix.pch */ = {isa = PBXFileReference; lastKnownFileType = sourcecode.c.h; path = "KismetClient-Prefix.pch"; sourceTree = "<group>"; };
		6618DA8513D1D01400DDF41B /* main.m */ = {isa = PBXFileReference; lastKnownFileType = sourcecode.c.objc; path = main.m; sourceTree = "<group>"; };
		6618DA8713D1D01400DDF41B /* KismetClientAppDelegate.h */ = {isa = PBXFileReference; lastKnownFileType = sourcecode.c.h; path = KismetClientAppDelegate.h; sourceTree = "<group>"; };
		6618DA8813D1D01400DDF41B /* KismetClientAppDelegate.m */ = {isa = PBXFileReference; lastKnownFileType = sourcecode.c.objc; path = KismetClientAppDelegate.m; sourceTree = "<group>"; };
		6618DA8B13D1D01400DDF41B /* en */ = {isa = PBXFileReference; lastKnownFileType = file.xib; name = en; path = en.lproj/MainWindow.xib; sourceTree = "<group>"; };
		662216C614437C0F0024026A /* IgnoreAP.h */ = {isa = PBXFileReference; fileEncoding = 4; lastKnownFileType = sourcecode.c.h; path = IgnoreAP.h; sourceTree = "<group>"; };
		662216C714437C0F0024026A /* IgnoreAP.m */ = {isa = PBXFileReference; fileEncoding = 4; lastKnownFileType = sourcecode.c.objc; path = IgnoreAP.m; sourceTree = "<group>"; };
		662216CA1443A2D10024026A /* AccessPoint.h */ = {isa = PBXFileReference; fileEncoding = 4; lastKnownFileType = sourcecode.c.h; path = AccessPoint.h; sourceTree = "<group>"; };
		662216CB1443A2D10024026A /* AccessPoint.m */ = {isa = PBXFileReference; fileEncoding = 4; lastKnownFileType = sourcecode.c.objc; path = AccessPoint.m; sourceTree = "<group>"; };
		662216CD1443A2D20024026A /* GPSTrack.h */ = {isa = PBXFileReference; fileEncoding = 4; lastKnownFileType = sourcecode.c.h; path = GPSTrack.h; sourceTree = "<group>"; };
		662216CE1443A2D20024026A /* GPSTrack.m */ = {isa = PBXFileReference; fileEncoding = 4; lastKnownFileType = sourcecode.c.objc; path = GPSTrack.m; sourceTree = "<group>"; };
		662216D01443A2D30024026A /* KismetServer.h */ = {isa = PBXFileReference; fileEncoding = 4; lastKnownFileType = sourcecode.c.h; path = KismetServer.h; sourceTree = "<group>"; };
		662216D11443A2D30024026A /* KismetServer.m */ = {isa = PBXFileReference; fileEncoding = 4; lastKnownFileType = sourcecode.c.objc; path = KismetServer.m; sourceTree = "<group>"; };
		6622171E144B65180024026A /* CoreLocation.framework */ = {isa = PBXFileReference; lastKnownFileType = wrapper.framework; name = CoreLocation.framework; path = System/Library/Frameworks/CoreLocation.framework; sourceTree = SDKROOT; };
		66221720144BCA7B0024026A /* APType.h */ = {isa = PBXFileReference; fileEncoding = 4; lastKnownFileType = sourcecode.c.h; path = APType.h; sourceTree = "<group>"; };
		66221721144BCA7B0024026A /* APType.m */ = {isa = PBXFileReference; fileEncoding = 4; lastKnownFileType = sourcecode.c.objc; path = APType.m; sourceTree = "<group>"; };
		66221726144BD1180024026A /* APWep.h */ = {isa = PBXFileReference; fileEncoding = 4; lastKnownFileType = sourcecode.c.h; path = APWep.h; sourceTree = "<group>"; };
		66221727144BD1180024026A /* APWep.m */ = {isa = PBXFileReference; fileEncoding = 4; lastKnownFileType = sourcecode.c.objc; path = APWep.m; sourceTree = "<group>"; };
		6622B875140B240D003D8CD9 /* ManageServerListViewController.h */ = {isa = PBXFileReference; fileEncoding = 4; lastKnownFileType = sourcecode.c.h; path = ManageServerListViewController.h; sourceTree = "<group>"; };
		6622B876140B240D003D8CD9 /* ManageServerListViewController.m */ = {isa = PBXFileReference; fileEncoding = 4; lastKnownFileType = sourcecode.c.objc; path = ManageServerListViewController.m; sourceTree = "<group>"; };
		6635EBFC1409887300FF0AD5 /* SecondLevelViewController.h */ = {isa = PBXFileReference; fileEncoding = 4; lastKnownFileType = sourcecode.c.h; path = SecondLevelViewController.h; sourceTree = "<group>"; };
		6635EBFD1409887300FF0AD5 /* SecondLevelViewController.m */ = {isa = PBXFileReference; fileEncoding = 4; lastKnownFileType = sourcecode.c.objc; path = SecondLevelViewController.m; sourceTree = "<group>"; };
		6635EC0214098AA000FF0AD5 /* ServerViewController.h */ = {isa = PBXFileReference; fileEncoding = 4; lastKnownFileType = sourcecode.c.h; path = ServerViewController.h; sourceTree = "<group>"; };
		6635EC0314098AA000FF0AD5 /* ServerViewController.m */ = {isa = PBXFileReference; fileEncoding = 4; lastKnownFileType = sourcecode.c.objc; path = ServerViewController.m; sourceTree = "<group>"; };
		665809D1140AAE0C00DA3540 /* CoreData.framework */ = {isa = PBXFileReference; lastKnownFileType = wrapper.framework; name = CoreData.framework; path = System/Library/Frameworks/CoreData.framework; sourceTree = SDKROOT; };
		665809D9140AC35200DA3540 /* KismetServer.xcdatamodel */ = {isa = PBXFileReference; lastKnownFileType = wrapper.xcdatamodel; path = KismetServer.xcdatamodel; sourceTree = "<group>"; };
		665B009114D5D4DD002DBDA1 /* pin-green.png */ = {isa = PBXFileReference; lastKnownFileType = image.png; name = "pin-green.png"; path = "assets/pin-green.png"; sourceTree = "<group>"; };
		665B009214D5D4DD002DBDA1 /* pin-green@2x.png */ = {isa = PBXFileReference; lastKnownFileType = image.png; name = "pin-green@2x.png"; path = "assets/pin-green@2x.png"; sourceTree = "<group>"; };
		665B009314D5D4DD002DBDA1 /* pin-red.png */ = {isa = PBXFileReference; lastKnownFileType = image.png; name = "pin-red.png"; path = "assets/pin-red.png"; sourceTree = "<group>"; };
		665B009414D5D4DD002DBDA1 /* pin-red@2x.png */ = {isa = PBXFileReference; lastKnownFileType = image.png; name = "pin-red@2x.png"; path = "assets/pin-red@2x.png"; sourceTree = "<group>"; };
		666598291401A03E002F0083 /* en */ = {isa = PBXFileReference; lastKnownFileType = file.xib; name = en; path = "iPad/en.lproj/MainWindow-iPad.xib"; sourceTree = "<group>"; };
		66949F7414D1E30D00C3636F /* cluster.png */ = {isa = PBXFileReference; lastKnownFileType = image.png; path = cluster.png; sourceTree = "<group>"; };
		66949F7514D1E30D00C3636F /* cluster@2x.png */ = {isa = PBXFileReference; lastKnownFileType = image.png; path = "cluster@2x.png"; sourceTree = "<group>"; };
		66949F7614D1E30D00C3636F /* pinpoint.png */ = {isa = PBXFileReference; lastKnownFileType = image.png; path = pinpoint.png; sourceTree = "<group>"; };
		66949F7714D1E30D00C3636F /* pinpoint@2x.png */ = {isa = PBXFileReference; lastKnownFileType = image.png; path = "pinpoint@2x.png"; sourceTree = "<group>"; };
		66949F7814D1E30D00C3636F /* Default-ipad-Landscape.png */ = {isa = PBXFileReference; lastKnownFileType = image.png; path = "Default-ipad-Landscape.png"; sourceTree = "<group>"; };
		66949F7914D1E30D00C3636F /* Default-iphone.png */ = {isa = PBXFileReference; lastKnownFileType = image.png; path = "Default-iphone.png"; sourceTree = "<group>"; };
		66949F7A14D1E30D00C3636F /* Default@2x-iphone.png */ = {isa = PBXFileReference; lastKnownFileType = image.png; path = "Default@2x-iphone.png"; sourceTree = "<group>"; };
		66949F7B14D1E30D00C3636F /* Icon-72.png */ = {isa = PBXFileReference; lastKnownFileType = image.png; path = "Icon-72.png"; sourceTree = "<group>"; };
		66949F7C14D1E30D00C3636F /* Icon.png */ = {isa = PBXFileReference; lastKnownFileType = image.png; path = Icon.png; sourceTree = "<group>"; };
		66949F7D14D1E30D00C3636F /* Icon@2x.png */ = {isa = PBXFileReference; lastKnownFileType = image.png; path = "Icon@2x.png"; sourceTree = "<group>"; };
		66949F8114D1E30D00C3636F /* REVAnnotationsCollection.h */ = {isa = PBXFileReference; fileEncoding = 4; lastKnownFileType = sourcecode.c.h; path = REVAnnotationsCollection.h; sourceTree = "<group>"; };
		66949F8214D1E30D00C3636F /* REVAnnotationsCollection.m */ = {isa = PBXFileReference; fileEncoding = 4; lastKnownFileType = sourcecode.c.objc; path = REVAnnotationsCollection.m; sourceTree = "<group>"; };
		66949F8314D1E30D00C3636F /* REVClusterBlock.h */ = {isa = PBXFileReference; fileEncoding = 4; lastKnownFileType = sourcecode.c.h; path = REVClusterBlock.h; sourceTree = "<group>"; };
		66949F8414D1E30D00C3636F /* REVClusterBlock.m */ = {isa = PBXFileReference; fileEncoding = 4; lastKnownFileType = sourcecode.c.objc; path = REVClusterBlock.m; sourceTree = "<group>"; };
		66949F8514D1E30D00C3636F /* REVClusterManager.h */ = {isa = PBXFileReference; fileEncoding = 4; lastKnownFileType = sourcecode.c.h; path = REVClusterManager.h; sourceTree = "<group>"; };
		66949F8614D1E30D00C3636F /* REVClusterManager.m */ = {isa = PBXFileReference; fileEncoding = 4; lastKnownFileType = sourcecode.c.objc; path = REVClusterManager.m; sourceTree = "<group>"; };
		66949F8714D1E30D00C3636F /* REVClusterMap.h */ = {isa = PBXFileReference; fileEncoding = 4; lastKnownFileType = sourcecode.c.h; path = REVClusterMap.h; sourceTree = "<group>"; };
		66949F8814D1E30D00C3636F /* REVClusterMapView.h */ = {isa = PBXFileReference; fileEncoding = 4; lastKnownFileType = sourcecode.c.h; path = REVClusterMapView.h; sourceTree = "<group>"; };
		66949F8914D1E30D00C3636F /* REVClusterMapView.m */ = {isa = PBXFileReference; fileEncoding = 4; lastKnownFileType = sourcecode.c.objc; path = REVClusterMapView.m; sourceTree = "<group>"; };
		66949F8A14D1E30D00C3636F /* REVClusterPin.h */ = {isa = PBXFileReference; fileEncoding = 4; lastKnownFileType = sourcecode.c.h; path = REVClusterPin.h; sourceTree = "<group>"; };
		66949F8B14D1E30D00C3636F /* REVClusterPin.m */ = {isa = PBXFileReference; fileEncoding = 4; lastKnownFileType = sourcecode.c.objc; path = REVClusterPin.m; sourceTree = "<group>"; };
		66949F8C14D1E30D00C3636F /* REVClusterMap-Info.plist */ = {isa = PBXFileReference; fileEncoding = 4; lastKnownFileType = text.plist.xml; path = "REVClusterMap-Info.plist"; sourceTree = "<group>"; };
		66949F8D14D1E30D00C3636F /* REVClusterMap-Prefix.pch */ = {isa = PBXFileReference; fileEncoding = 4; lastKnownFileType = sourcecode.c.h; path = "REVClusterMap-Prefix.pch"; sourceTree = "<group>"; };
		66949FAB14D2031E00C3636F /* REVClusterAnnotationView.h */ = {isa = PBXFileReference; fileEncoding = 4; lastKnownFileType = sourcecode.c.h; path = REVClusterAnnotationView.h; sourceTree = "<group>"; };
		66949FAC14D2031E00C3636F /* REVClusterAnnotationView.m */ = {isa = PBXFileReference; fileEncoding = 4; lastKnownFileType = sourcecode.c.objc; path = REVClusterAnnotationView.m; sourceTree = "<group>"; };
		669DAE29141D96D300090782 /* WAPDetailView.h */ = {isa = PBXFileReference; fileEncoding = 4; lastKnownFileType = sourcecode.c.h; path = WAPDetailView.h; sourceTree = "<group>"; };
		669DAE2A141D96D300090782 /* WAPDetailView.m */ = {isa = PBXFileReference; fileEncoding = 4; lastKnownFileType = sourcecode.c.objc; path = WAPDetailView.m; sourceTree = "<group>"; };
		669DAE2B141D96D300090782 /* WAPDetailView.xib */ = {isa = PBXFileReference; fileEncoding = 4; lastKnownFileType = file.xib; path = WAPDetailView.xib; sourceTree = "<group>"; };
		669DAE68141DA48E00090782 /* MapKit.framework */ = {isa = PBXFileReference; lastKnownFileType = wrapper.framework; name = MapKit.framework; path = System/Library/Frameworks/MapKit.framework; sourceTree = SDKROOT; };
		669DAE71141DA85B00090782 /* SystemConfiguration.framework */ = {isa = PBXFileReference; lastKnownFileType = wrapper.framework; name = SystemConfiguration.framework; path = System/Library/Frameworks/SystemConfiguration.framework; sourceTree = SDKROOT; };
		66ACAA0C1412724A00526B5E /* WAPListViewController.h */ = {isa = PBXFileReference; fileEncoding = 4; lastKnownFileType = sourcecode.c.h; path = WAPListViewController.h; sourceTree = "<group>"; };
		66ACAA0D1412724A00526B5E /* WAPListViewController.m */ = {isa = PBXFileReference; fileEncoding = 4; lastKnownFileType = sourcecode.c.objc; path = WAPListViewController.m; sourceTree = "<group>"; };
		66ACAA151412B06700526B5E /* Connect.h */ = {isa = PBXFileReference; fileEncoding = 4; lastKnownFileType = sourcecode.c.h; path = Connect.h; sourceTree = "<group>"; };
		66ACAA161412B06700526B5E /* Connect.m */ = {isa = PBXFileReference; fileEncoding = 4; lastKnownFileType = sourcecode.c.objc; path = Connect.m; sourceTree = "<group>"; };
		66ACAA181412B0E700526B5E /* AsyncSocket.h */ = {isa = PBXFileReference; fileEncoding = 4; lastKnownFileType = sourcecode.c.h; path = AsyncSocket.h; sourceTree = "<group>"; };
		66ACAA191412B0E700526B5E /* AsyncSocket.m */ = {isa = PBXFileReference; fileEncoding = 4; lastKnownFileType = sourcecode.c.objc; path = AsyncSocket.m; sourceTree = "<group>"; };
		66ACAA24141407D600526B5E /* KismetNetwork.h */ = {isa = PBXFileReference; fileEncoding = 4; lastKnownFileType = sourcecode.c.h; path = KismetNetwork.h; sourceTree = "<group>"; };
		66ACAA25141407D700526B5E /* KismetNetwork.m */ = {isa = PBXFileReference; fileEncoding = 4; lastKnownFileType = sourcecode.c.objc; path = KismetNetwork.m; sourceTree = "<group>"; };
		66B0104213FF4FC20009B436 /* AsyncSocket.h */ = {isa = PBXFileReference; fileEncoding = 4; lastKnownFileType = sourcecode.c.h; path = AsyncSocket.h; sourceTree = "<group>"; };
		66B0104313FF4FC20009B436 /* AsyncSocket.m */ = {isa = PBXFileReference; fileEncoding = 4; lastKnownFileType = sourcecode.c.objc; path = AsyncSocket.m; sourceTree = "<group>"; };
		66B0104A13FF58DF0009B436 /* CFNetwork.framework */ = {isa = PBXFileReference; lastKnownFileType = wrapper.framework; name = CFNetwork.framework; path = System/Library/Frameworks/CFNetwork.framework; sourceTree = SDKROOT; };
		66B297681453A2E200DAF04D /* MapViewController.h */ = {isa = PBXFileReference; fileEncoding = 4; lastKnownFileType = sourcecode.c.h; path = MapViewController.h; sourceTree = "<group>"; };
		66B297691453A2E200DAF04D /* MapViewController.m */ = {isa = PBXFileReference; fileEncoding = 4; lastKnownFileType = sourcecode.c.objc; path = MapViewController.m; sourceTree = "<group>"; };
/* End PBXFileReference section */

/* Begin PBXFrameworksBuildPhase section */
		6618DA7113D1D01400DDF41B /* Frameworks */ = {
			isa = PBXFrameworksBuildPhase;
			buildActionMask = 2147483647;
			files = (
				6622171F144B65180024026A /* CoreLocation.framework in Frameworks */,
				669DAE72141DA85B00090782 /* SystemConfiguration.framework in Frameworks */,
				669DAE69141DA48E00090782 /* MapKit.framework in Frameworks */,
				665809D2140AAE0C00DA3540 /* CoreData.framework in Frameworks */,
				66B0104B13FF58DF0009B436 /* CFNetwork.framework in Frameworks */,
				6618DA7913D1D01400DDF41B /* UIKit.framework in Frameworks */,
				6618DA7B13D1D01400DDF41B /* Foundation.framework in Frameworks */,
				6618DA7D13D1D01400DDF41B /* CoreGraphics.framework in Frameworks */,
			);
			runOnlyForDeploymentPostprocessing = 0;
		};
/* End PBXFrameworksBuildPhase section */

/* Begin PBXGroup section */
		66114B1014086C9500D91AC9 /* ViewControllers */ = {
			isa = PBXGroup;
			children = (
				6618DA8713D1D01400DDF41B /* KismetClientAppDelegate.h */,
				6618DA8813D1D01400DDF41B /* KismetClientAppDelegate.m */,
				66114B151408838700D91AC9 /* MainViewController.h */,
				66114B161408838700D91AC9 /* MainViewController.m */,
				6635EBFC1409887300FF0AD5 /* SecondLevelViewController.h */,
				6635EBFD1409887300FF0AD5 /* SecondLevelViewController.m */,
				6635EC0214098AA000FF0AD5 /* ServerViewController.h */,
				6635EC0314098AA000FF0AD5 /* ServerViewController.m */,
				6622B875140B240D003D8CD9 /* ManageServerListViewController.h */,
				6622B876140B240D003D8CD9 /* ManageServerListViewController.m */,
				66ACAA0C1412724A00526B5E /* WAPListViewController.h */,
				66ACAA0D1412724A00526B5E /* WAPListViewController.m */,
				669DAE29141D96D300090782 /* WAPDetailView.h */,
				669DAE2A141D96D300090782 /* WAPDetailView.m */,
				66B297681453A2E200DAF04D /* MapViewController.h */,
				66B297691453A2E200DAF04D /* MapViewController.m */,
			);
			name = ViewControllers;
			sourceTree = "<group>";
		};
		6618DA6913D1D01400DDF41B = {
			isa = PBXGroup;
			children = (
				66949F5214D1E01D00C3636F /* Libraries */,
				6618DA7E13D1D01400DDF41B /* KismetClient */,
				6618DA7713D1D01400DDF41B /* Frameworks */,
				6618DA7513D1D01400DDF41B /* Products */,
			);
			sourceTree = "<group>";
		};
		6618DA7513D1D01400DDF41B /* Products */ = {
			isa = PBXGroup;
			children = (
				6618DA7413D1D01400DDF41B /* KismetClient.app */,
			);
			name = Products;
			sourceTree = "<group>";
		};
		6618DA7713D1D01400DDF41B /* Frameworks */ = {
			isa = PBXGroup;
			children = (
				6622171E144B65180024026A /* CoreLocation.framework */,
				669DAE71141DA85B00090782 /* SystemConfiguration.framework */,
				669DAE68141DA48E00090782 /* MapKit.framework */,
				665809D1140AAE0C00DA3540 /* CoreData.framework */,
				66B0104A13FF58DF0009B436 /* CFNetwork.framework */,
				6618DA7813D1D01400DDF41B /* UIKit.framework */,
				6618DA7A13D1D01400DDF41B /* Foundation.framework */,
				6618DA7C13D1D01400DDF41B /* CoreGraphics.framework */,
			);
			name = Frameworks;
			sourceTree = "<group>";
		};
		6618DA7E13D1D01400DDF41B /* KismetClient */ = {
			isa = PBXGroup;
			children = (
				66ACAA141412AE8B00526B5E /* Classes */,
				665809D4140AAE2B00DA3540 /* Models */,
				66114B1014086C9500D91AC9 /* ViewControllers */,
				6665982C1401E843002F0083 /* Library */,
				6665982B1401A062002F0083 /* Resources */,
				666598271401A03D002F0083 /* iPad */,
				6618DA7F13D1D01400DDF41B /* Supporting Files */,
				665809D8140AC35200DA3540 /* KismetServer.xcdatamodeld */,
			);
			path = KismetClient;
			sourceTree = "<group>";
		};
		6618DA7F13D1D01400DDF41B /* Supporting Files */ = {
			isa = PBXGroup;
			children = (
				6618DA8013D1D01400DDF41B /* KismetClient-Info.plist */,
				6618DA8113D1D01400DDF41B /* InfoPlist.strings */,
				6618DA8413D1D01400DDF41B /* KismetClient-Prefix.pch */,
				6618DA8513D1D01400DDF41B /* main.m */,
			);
			name = "Supporting Files";
			sourceTree = "<group>";
		};
		665809D4140AAE2B00DA3540 /* Models */ = {
			isa = PBXGroup;
			children = (
				662216CA1443A2D10024026A /* AccessPoint.h */,
				662216CB1443A2D10024026A /* AccessPoint.m */,
				662216CD1443A2D20024026A /* GPSTrack.h */,
				662216CE1443A2D20024026A /* GPSTrack.m */,
				662216D01443A2D30024026A /* KismetServer.h */,
				662216D11443A2D30024026A /* KismetServer.m */,
			);
			name = Models;
			sourceTree = "<group>";
		};
		665B008F14D5CFF9002DBDA1 /* Assets */ = {
			isa = PBXGroup;
			children = (
				665B009114D5D4DD002DBDA1 /* pin-green.png */,
				665B009214D5D4DD002DBDA1 /* pin-green@2x.png */,
				665B009314D5D4DD002DBDA1 /* pin-red.png */,
				665B009414D5D4DD002DBDA1 /* pin-red@2x.png */,
			);
			name = Assets;
			sourceTree = "<group>";
		};
		666598271401A03D002F0083 /* iPad */ = {
			isa = PBXGroup;
			children = (
				666598281401A03E002F0083 /* MainWindow-iPad.xib */,
			);
			name = iPad;
			sourceTree = "<group>";
		};
		6665982B1401A062002F0083 /* Resources */ = {
			isa = PBXGroup;
			children = (
				665B008F14D5CFF9002DBDA1 /* Assets */,
				6618DA8A13D1D01400DDF41B /* MainWindow.xib */,
				669DAE2B141D96D300090782 /* WAPDetailView.xib */,
			);
			name = Resources;
			sourceTree = "<group>";
		};
		6665982C1401E843002F0083 /* Library */ = {
			isa = PBXGroup;
			children = (
				66B0104213FF4FC20009B436 /* AsyncSocket.h */,
				66B0104313FF4FC20009B436 /* AsyncSocket.m */,
			);
			name = Library;
			sourceTree = "<group>";
		};
		66949F5214D1E01D00C3636F /* Libraries */ = {
			isa = PBXGroup;
			children = (
				66949F6414D1E30D00C3636F /* REVClusterMap */,
			);
			name = Libraries;
			sourceTree = "<group>";
		};
		66949F6414D1E30D00C3636F /* REVClusterMap */ = {
			isa = PBXGroup;
			children = (
				66949F7214D1E30D00C3636F /* Recources */,
				66949F8014D1E30D00C3636F /* REVClusterMap */,
				66949F8C14D1E30D00C3636F /* REVClusterMap-Info.plist */,
				66949F8D14D1E30D00C3636F /* REVClusterMap-Prefix.pch */,
				66949FAB14D2031E00C3636F /* REVClusterAnnotationView.h */,
				66949FAC14D2031E00C3636F /* REVClusterAnnotationView.m */,
			);
			name = REVClusterMap;
			path = KismetClient/REVClusterMap;
			sourceTree = "<group>";
		};
		66949F7214D1E30D00C3636F /* Recources */ = {
			isa = PBXGroup;
			children = (
				66949F7314D1E30D00C3636F /* assets */,
				66949F7814D1E30D00C3636F /* Default-ipad-Landscape.png */,
				66949F7914D1E30D00C3636F /* Default-iphone.png */,
				66949F7A14D1E30D00C3636F /* Default@2x-iphone.png */,
				66949F7B14D1E30D00C3636F /* Icon-72.png */,
				66949F7C14D1E30D00C3636F /* Icon.png */,
				66949F7D14D1E30D00C3636F /* Icon@2x.png */,
			);
			path = Recources;
			sourceTree = "<group>";
		};
		66949F7314D1E30D00C3636F /* assets */ = {
			isa = PBXGroup;
			children = (
				66949F7414D1E30D00C3636F /* cluster.png */,
				66949F7514D1E30D00C3636F /* cluster@2x.png */,
				66949F7614D1E30D00C3636F /* pinpoint.png */,
				66949F7714D1E30D00C3636F /* pinpoint@2x.png */,
			);
			path = assets;
			sourceTree = "<group>";
		};
		66949F8014D1E30D00C3636F /* REVClusterMap */ = {
			isa = PBXGroup;
			children = (
				66949F8114D1E30D00C3636F /* REVAnnotationsCollection.h */,
				66949F8214D1E30D00C3636F /* REVAnnotationsCollection.m */,
				66949F8314D1E30D00C3636F /* REVClusterBlock.h */,
				66949F8414D1E30D00C3636F /* REVClusterBlock.m */,
				66949F8514D1E30D00C3636F /* REVClusterManager.h */,
				66949F8614D1E30D00C3636F /* REVClusterManager.m */,
				66949F8714D1E30D00C3636F /* REVClusterMap.h */,
				66949F8814D1E30D00C3636F /* REVClusterMapView.h */,
				66949F8914D1E30D00C3636F /* REVClusterMapView.m */,
				66949F8A14D1E30D00C3636F /* REVClusterPin.h */,
				66949F8B14D1E30D00C3636F /* REVClusterPin.m */,
			);
			path = REVClusterMap;
			sourceTree = "<group>";
		};
		66ACAA141412AE8B00526B5E /* Classes */ = {
			isa = PBXGroup;
			children = (
				66ACAA181412B0E700526B5E /* AsyncSocket.h */,
				66ACAA191412B0E700526B5E /* AsyncSocket.m */,
				66ACAA151412B06700526B5E /* Connect.h */,
				66ACAA161412B06700526B5E /* Connect.m */,
				66ACAA24141407D600526B5E /* KismetNetwork.h */,
				66ACAA25141407D700526B5E /* KismetNetwork.m */,
				662216C614437C0F0024026A /* IgnoreAP.h */,
				662216C714437C0F0024026A /* IgnoreAP.m */,
				66221720144BCA7B0024026A /* APType.h */,
				66221721144BCA7B0024026A /* APType.m */,
				66221726144BD1180024026A /* APWep.h */,
				66221727144BD1180024026A /* APWep.m */,
			);
			name = Classes;
			sourceTree = "<group>";
		};
/* End PBXGroup section */

/* Begin PBXNativeTarget section */
		6618DA7313D1D01400DDF41B /* KismetClient */ = {
			isa = PBXNativeTarget;
			buildConfigurationList = 6618DA8F13D1D01400DDF41B /* Build configuration list for PBXNativeTarget "KismetClient" */;
			buildPhases = (
				6618DA7013D1D01400DDF41B /* Sources */,
				6618DA7113D1D01400DDF41B /* Frameworks */,
				6618DA7213D1D01400DDF41B /* Resources */,
			);
			buildRules = (
			);
			dependencies = (
			);
			name = KismetClient;
			productName = KismetClient;
			productReference = 6618DA7413D1D01400DDF41B /* KismetClient.app */;
			productType = "com.apple.product-type.application";
		};
/* End PBXNativeTarget section */

/* Begin PBXProject section */
		6618DA6B13D1D01400DDF41B /* Project object */ = {
			isa = PBXProject;
			attributes = {
				LastUpgradeCheck = 0420;
			};
			buildConfigurationList = 6618DA6E13D1D01400DDF41B /* Build configuration list for PBXProject "KismetClient" */;
			compatibilityVersion = "Xcode 3.2";
			developmentRegion = English;
			hasScannedForEncodings = 0;
			knownRegions = (
				en,
				English,
			);
			mainGroup = 6618DA6913D1D01400DDF41B;
			productRefGroup = 6618DA7513D1D01400DDF41B /* Products */;
			projectDirPath = "";
			projectRoot = "";
			targets = (
				6618DA7313D1D01400DDF41B /* KismetClient */,
			);
		};
/* End PBXProject section */

/* Begin PBXResourcesBuildPhase section */
		6618DA7213D1D01400DDF41B /* Resources */ = {
			isa = PBXResourcesBuildPhase;
			buildActionMask = 2147483647;
			files = (
				6618DA8313D1D01400DDF41B /* InfoPlist.strings in Resources */,
				6618DA8C13D1D01400DDF41B /* MainWindow.xib in Resources */,
				6665982A1401A03E002F0083 /* MainWindow-iPad.xib in Resources */,
				669DAE2D141D96D300090782 /* WAPDetailView.xib in Resources */,
				66949F9814D1E30D00C3636F /* cluster.png in Resources */,
				66949F9914D1E30D00C3636F /* cluster@2x.png in Resources */,
				66949F9A14D1E30D00C3636F /* pinpoint.png in Resources */,
				66949F9B14D1E30D00C3636F /* pinpoint@2x.png in Resources */,
				66949F9C14D1E30D00C3636F /* Default-ipad-Landscape.png in Resources */,
				66949F9D14D1E30D00C3636F /* Default-iphone.png in Resources */,
				66949F9E14D1E30D00C3636F /* Default@2x-iphone.png in Resources */,
				66949F9F14D1E30D00C3636F /* Icon-72.png in Resources */,
				66949FA014D1E30D00C3636F /* Icon.png in Resources */,
				66949FA114D1E30D00C3636F /* Icon@2x.png in Resources */,
				66949FA814D1E30D00C3636F /* REVClusterMap-Info.plist in Resources */,
				665B009514D5D4DD002DBDA1 /* pin-green.png in Resources */,
				665B009614D5D4DD002DBDA1 /* pin-green@2x.png in Resources */,
				665B009714D5D4DD002DBDA1 /* pin-red.png in Resources */,
				665B009814D5D4DD002DBDA1 /* pin-red@2x.png in Resources */,
			);
			runOnlyForDeploymentPostprocessing = 0;
		};
/* End PBXResourcesBuildPhase section */

/* Begin PBXSourcesBuildPhase section */
		6618DA7013D1D01400DDF41B /* Sources */ = {
			isa = PBXSourcesBuildPhase;
			buildActionMask = 2147483647;
			files = (
				6618DA8613D1D01400DDF41B /* main.m in Sources */,
				6618DA8913D1D01400DDF41B /* KismetClientAppDelegate.m in Sources */,
				66B0104413FF4FC20009B436 /* AsyncSocket.m in Sources */,
				66114B171408838700D91AC9 /* MainViewController.m in Sources */,
				6635EBFF1409887300FF0AD5 /* SecondLevelViewController.m in Sources */,
				6635EC0414098AA000FF0AD5 /* ServerViewController.m in Sources */,
				665809DA140AC35200DA3540 /* KismetServer.xcdatamodeld in Sources */,
				6622B877140B240D003D8CD9 /* ManageServerListViewController.m in Sources */,
				66ACAA0E1412724A00526B5E /* WAPListViewController.m in Sources */,
				66ACAA171412B06700526B5E /* Connect.m in Sources */,
				66ACAA26141407D700526B5E /* KismetNetwork.m in Sources */,
				669DAE2C141D96D300090782 /* WAPDetailView.m in Sources */,
				662216C814437C0F0024026A /* IgnoreAP.m in Sources */,
				662216CC1443A2D10024026A /* AccessPoint.m in Sources */,
				662216CF1443A2D20024026A /* GPSTrack.m in Sources */,
				662216D21443A2D30024026A /* KismetServer.m in Sources */,
				66221722144BCA7B0024026A /* APType.m in Sources */,
				66221728144BD1180024026A /* APWep.m in Sources */,
				66B2976A1453A2E200DAF04D /* MapViewController.m in Sources */,
				66949FA314D1E30D00C3636F /* REVAnnotationsCollection.m in Sources */,
				66949FA414D1E30D00C3636F /* REVClusterBlock.m in Sources */,
				66949FA514D1E30D00C3636F /* REVClusterManager.m in Sources */,
				66949FA614D1E30D00C3636F /* REVClusterMapView.m in Sources */,
				66949FA714D1E30D00C3636F /* REVClusterPin.m in Sources */,
				66949FAD14D2031E00C3636F /* REVClusterAnnotationView.m in Sources */,
			);
			runOnlyForDeploymentPostprocessing = 0;
		};
/* End PBXSourcesBuildPhase section */

/* Begin PBXVariantGroup section */
		6618DA8113D1D01400DDF41B /* InfoPlist.strings */ = {
			isa = PBXVariantGroup;
			children = (
				6618DA8213D1D01400DDF41B /* en */,
			);
			name = InfoPlist.strings;
			sourceTree = "<group>";
		};
		6618DA8A13D1D01400DDF41B /* MainWindow.xib */ = {
			isa = PBXVariantGroup;
			children = (
				6618DA8B13D1D01400DDF41B /* en */,
			);
			name = MainWindow.xib;
			sourceTree = "<group>";
		};
		666598281401A03E002F0083 /* MainWindow-iPad.xib */ = {
			isa = PBXVariantGroup;
			children = (
				666598291401A03E002F0083 /* en */,
			);
			name = "MainWindow-iPad.xib";
			sourceTree = "<group>";
		};
/* End PBXVariantGroup section */

/* Begin XCBuildConfiguration section */
		6618DA8D13D1D01400DDF41B /* Debug */ = {
			isa = XCBuildConfiguration;
			buildSettings = {
				ARCHS = "$(ARCHS_STANDARD_32_BIT)";
				"CODE_SIGN_IDENTITY[sdk=iphoneos*]" = "iPhone Developer";
				GCC_C_LANGUAGE_STANDARD = gnu99;
				GCC_OPTIMIZATION_LEVEL = 0;
				GCC_PREPROCESSOR_DEFINITIONS = DEBUG;
				GCC_SYMBOLS_PRIVATE_EXTERN = NO;
				GCC_VERSION = com.apple.compilers.llvmgcc42;
				GCC_WARN_ABOUT_RETURN_TYPE = YES;
				GCC_WARN_UNUSED_VARIABLE = YES;
				IPHONEOS_DEPLOYMENT_TARGET = 4.3;
				SDKROOT = iphoneos;
			};
			name = Debug;
		};
		6618DA8E13D1D01400DDF41B /* Release */ = {
			isa = XCBuildConfiguration;
			buildSettings = {
				ARCHS = "$(ARCHS_STANDARD_32_BIT)";
				"CODE_SIGN_IDENTITY[sdk=iphoneos*]" = "iPhone Developer";
				GCC_C_LANGUAGE_STANDARD = gnu99;
				GCC_VERSION = com.apple.compilers.llvmgcc42;
				GCC_WARN_ABOUT_RETURN_TYPE = YES;
				GCC_WARN_UNUSED_VARIABLE = YES;
				IPHONEOS_DEPLOYMENT_TARGET = 4.3;
				OTHER_CFLAGS = "-DNS_BLOCK_ASSERTIONS=1";
				SDKROOT = iphoneos;
			};
			name = Release;
		};
		6618DA9013D1D01400DDF41B /* Debug */ = {
			isa = XCBuildConfiguration;
			buildSettings = {
				ALWAYS_SEARCH_USER_PATHS = NO;
				COPY_PHASE_STRIP = NO;
				GCC_DYNAMIC_NO_PIC = NO;
				GCC_PRECOMPILE_PREFIX_HEADER = YES;
				GCC_PREFIX_HEADER = "KismetClient/KismetClient-Prefix.pch";
				GCC_VERSION = com.apple.compilers.llvm.clang.1_0;
				INFOPLIST_FILE = "KismetClient/KismetClient-Info.plist";
				IPHONEOS_DEPLOYMENT_TARGET = 4.3;
				PRODUCT_NAME = "$(TARGET_NAME)";
				TARGETED_DEVICE_FAMILY = "1,2";
				WRAPPER_EXTENSION = app;
			};
			name = Debug;
		};
		6618DA9113D1D01400DDF41B /* Release */ = {
			isa = XCBuildConfiguration;
			buildSettings = {
				ALWAYS_SEARCH_USER_PATHS = NO;
				COPY_PHASE_STRIP = YES;
				GCC_PRECOMPILE_PREFIX_HEADER = YES;
				GCC_PREFIX_HEADER = "KismetClient/KismetClient-Prefix.pch";
				GCC_VERSION = com.apple.compilers.llvm.clang.1_0;
				INFOPLIST_FILE = "KismetClient/KismetClient-Info.plist";
				IPHONEOS_DEPLOYMENT_TARGET = 4.3;
				PRODUCT_NAME = "$(TARGET_NAME)";
				TARGETED_DEVICE_FAMILY = "1,2";
				VALIDATE_PRODUCT = YES;
				WRAPPER_EXTENSION = app;
			};
			name = Release;
		};
/* End XCBuildConfiguration section */

/* Begin XCConfigurationList section */
		6618DA6E13D1D01400DDF41B /* Build configuration list for PBXProject "KismetClient" */ = {
			isa = XCConfigurationList;
			buildConfigurations = (
				6618DA8D13D1D01400DDF41B /* Debug */,
				6618DA8E13D1D01400DDF41B /* Release */,
			);
			defaultConfigurationIsVisible = 0;
			defaultConfigurationName = Release;
		};
		6618DA8F13D1D01400DDF41B /* Build configuration list for PBXNativeTarget "KismetClient" */ = {
			isa = XCConfigurationList;
			buildConfigurations = (
				6618DA9013D1D01400DDF41B /* Debug */,
				6618DA9113D1D01400DDF41B /* Release */,
			);
			defaultConfigurationIsVisible = 0;
			defaultConfigurationName = Release;
		};
/* End XCConfigurationList section */

/* Begin XCVersionGroup section */
		665809D8140AC35200DA3540 /* KismetServer.xcdatamodeld */ = {
			isa = XCVersionGroup;
			children = (
				665809D9140AC35200DA3540 /* KismetServer.xcdatamodel */,
			);
			currentVersion = 665809D9140AC35200DA3540 /* KismetServer.xcdatamodel */;
			path = KismetServer.xcdatamodeld;
			sourceTree = "<group>";
			versionGroupType = wrapper.xcdatamodel;
		};
/* End XCVersionGroup section */
	};
	rootObject = 6618DA6B13D1D01400DDF41B /* Project object */;
}
